
Microsoft Visual Studio Solution File, Format Version 12.00
# Visual Studio Version 17
VisualStudioVersion = 17.0.31903.59
MinimumVisualStudioVersion = 10.0.40219.1
Project("{2150E333-8FDC-42A3-9474-1A3956D46DE8}") = "PropostaService", "PropostaService", "{ACA0BC0A-4FD8-4C51-B3A4-0726985A713B}"
EndProject
Project("{2150E333-8FDC-42A3-9474-1A3956D46DE8}") = "Adapters", "Adapters", "{E62A71EB-0956-4F2C-80A4-011707DE0B9A}"
EndProject
Project("{2150E333-8FDC-42A3-9474-1A3956D46DE8}") = "In", "In", "{23BB17FF-08FF-4DFF-8477-E9559A993D26}"
EndProject
Project("{FAE04EC0-301F-11D3-BF4B-00C04F79EFBC}") = "PropostaService.Api", "PropostaService\Adapters\In\Api\PropostaService.Api.csproj", "{9BC8BC56-3E53-43EE-8A09-2BB848A04E19}"
EndProject
Project("{2150E333-8FDC-42A3-9474-1A3956D46DE8}") = "Out", "Out", "{64A9BF5B-74D7-4D51-B3BC-176F2905BAF9}"
EndProject
Project("{FAE04EC0-301F-11D3-BF4B-00C04F79EFBC}") = "PropostaService.Persistence", "PropostaService\Adapters\Out\Persistence\PropostaService.Persistence.csproj", "{0A412984-EE56-44F3-9C1C-F7517701B6E8}"
EndProject
Project("{FAE04EC0-301F-11D3-BF4B-00C04F79EFBC}") = "PropostaService.Application", "PropostaService\Application\PropostaService.Application.csproj", "{C3A368C1-B819-483B-8270-CF8C228DFDEB}"
EndProject
Project("{FAE04EC0-301F-11D3-BF4B-00C04F79EFBC}") = "PropostaService.Domain", "PropostaService\Domain\PropostaService.Domain.csproj", "{C06A395E-DB6F-4E25-8E56-AC599ED791F1}"
EndProject
Project("{2150E333-8FDC-42A3-9474-1A3956D46DE8}") = "ContratacaoService", "ContratacaoService", "{C5C5C7D6-FAC3-4C64-BEA0-718D60FE8A73}"
EndProject
Project("{2150E333-8FDC-42A3-9474-1A3956D46DE8}") = "Adapters", "Adapters", "{5AB34C40-C8E8-43ED-9D5C-EF0DC72005A5}"
EndProject
Project("{2150E333-8FDC-42A3-9474-1A3956D46DE8}") = "In", "In", "{96AB1D06-D7CF-492D-9B24-921DE8F05DF2}"
EndProject
Project("{FAE04EC0-301F-11D3-BF4B-00C04F79EFBC}") = "ContratacaoService.Api", "ContratacaoService\Adapters\In\Api\ContratacaoService.Api.csproj", "{F875123B-8876-4333-AB6A-A6D2081732CD}"
EndProject
Project("{2150E333-8FDC-42A3-9474-1A3956D46DE8}") = "Out", "Out", "{9AA8317D-E6CD-4357-BBC2-2199A853F59F}"
EndProject
Project("{FAE04EC0-301F-11D3-BF4B-00C04F79EFBC}") = "ContratacaoService.Persistence", "ContratacaoService\Adapters\Out\Persistence\ContratacaoService.Persistence.csproj", "{5E8B477D-6D91-480B-A7F2-5B0A1AE29C20}"
EndProject
Project("{FAE04EC0-301F-11D3-BF4B-00C04F79EFBC}") = "ContratacaoService.Http", "ContratacaoService\Adapters\Out\Http\ContratacaoService.Http.csproj", "{F4F8ACC1-E807-4DF6-A64B-34683C020DF7}"
EndProject
Project("{FAE04EC0-301F-11D3-BF4B-00C04F79EFBC}") = "ContratacaoService.Application", "ContratacaoService\Application\ContratacaoService.Application.csproj", "{57D7FB3C-8A1B-4594-983D-9A269605DE98}"
EndProject
Project("{FAE04EC0-301F-11D3-BF4B-00C04F79EFBC}") = "ContratacaoService.Domain", "ContratacaoService\Domain\ContratacaoService.Domain.csproj", "{1BD74825-FA84-464F-8C92-D1CE84BBE255}"
EndProject
Project("{2150E333-8FDC-42A3-9474-1A3956D46DE8}") = "Tests", "Tests", "{02EA681E-C7D8-13C7-8484-4AC65E1B71E8}"
EndProject
Project("{FAE04EC0-301F-11D3-BF4B-00C04F79EFBC}") = "PropostaService.Domain.Tests", "tests\PropostaService.Domain.Tests\PropostaService.Domain.Tests.csproj", "{F4097ABE-57A3-4337-88D8-BED83D93722A}"
EndProject
Project("{FAE04EC0-301F-11D3-BF4B-00C04F79EFBC}") = "PropostaService.Application.Tests", "tests\PropostaService.Application.Tests\PropostaService.Application.Tests.csproj", "{88AD7511-9397-4196-B5F1-C0402F9A5CE5}"
EndProject
Project("{FAE04EC0-301F-11D3-BF4B-00C04F79EFBC}") = "ContratacaoService.Domain.Tests", "tests\ContratacaoService.Domain.Tests\ContratacaoService.Domain.Tests.csproj", "{ADF8D7C6-56A7-4EEF-B3CF-6D4A9212E428}"
EndProject
Project("{FAE04EC0-301F-11D3-BF4B-00C04F79EFBC}") = "ContratacaoService.Application.Tests", "tests\ContratacaoService.Application.Tests\ContratacaoService.Application.Tests.csproj", "{5A5C2354-2C94-4875-9327-B1AF678A17D3}"
EndProject
Global
	GlobalSection(SolutionConfigurationPlatforms) = preSolution
		Debug|Any CPU = Debug|Any CPU
		Debug|x64 = Debug|x64
		Debug|x86 = Debug|x86
		Release|Any CPU = Release|Any CPU
		Release|x64 = Release|x64
		Release|x86 = Release|x86
	EndGlobalSection
	GlobalSection(ProjectConfigurationPlatforms) = postSolution
		{9BC8BC56-3E53-43EE-8A09-2BB848A04E19}.Debug|Any CPU.ActiveCfg = Debug|Any CPU
		{9BC8BC56-3E53-43EE-8A09-2BB848A04E19}.Debug|Any CPU.Build.0 = Debug|Any CPU
		{9BC8BC56-3E53-43EE-8A09-2BB848A04E19}.Debug|x64.ActiveCfg = Debug|Any CPU
		{9BC8BC56-3E53-43EE-8A09-2BB848A04E19}.Debug|x64.Build.0 = Debug|Any CPU
		{9BC8BC56-3E53-43EE-8A09-2BB848A04E19}.Debug|x86.ActiveCfg = Debug|Any CPU
		{9BC8BC56-3E53-43EE-8A09-2BB848A04E19}.Debug|x86.Build.0 = Debug|Any CPU
		{9BC8BC56-3E53-43EE-8A09-2BB848A04E19}.Release|Any CPU.ActiveCfg = Release|Any CPU
		{9BC8BC56-3E53-43EE-8A09-2BB848A04E19}.Release|Any CPU.Build.0 = Release|Any CPU
		{9BC8BC56-3E53-43EE-8A09-2BB848A04E19}.Release|x64.ActiveCfg = Release|Any CPU
		{9BC8BC56-3E53-43EE-8A09-2BB848A04E19}.Release|x64.Build.0 = Release|Any CPU
		{9BC8BC56-3E53-43EE-8A09-2BB848A04E19}.Release|x86.ActiveCfg = Release|Any CPU
		{9BC8BC56-3E53-43EE-8A09-2BB848A04E19}.Release|x86.Build.0 = Release|Any CPU
		{0A412984-EE56-44F3-9C1C-F7517701B6E8}.Debug|Any CPU.ActiveCfg = Debug|Any CPU
		{0A412984-EE56-44F3-9C1C-F7517701B6E8}.Debug|Any CPU.Build.0 = Debug|Any CPU
		{0A412984-EE56-44F3-9C1C-F7517701B6E8}.Debug|x64.ActiveCfg = Debug|Any CPU
		{0A412984-EE56-44F3-9C1C-F7517701B6E8}.Debug|x64.Build.0 = Debug|Any CPU
		{0A412984-EE56-44F3-9C1C-F7517701B6E8}.Debug|x86.ActiveCfg = Debug|Any CPU
		{0A412984-EE56-44F3-9C1C-F7517701B6E8}.Debug|x86.Build.0 = Debug|Any CPU
		{0A412984-EE56-44F3-9C1C-F7517701B6E8}.Release|Any CPU.ActiveCfg = Release|Any CPU
		{0A412984-EE56-44F3-9C1C-F7517701B6E8}.Release|Any CPU.Build.0 = Release|Any CPU
		{0A412984-EE56-44F3-9C1C-F7517701B6E8}.Release|x64.ActiveCfg = Release|Any CPU
		{0A412984-EE56-44F3-9C1C-F7517701B6E8}.Release|x64.Build.0 = Release|Any CPU
		{0A412984-EE56-44F3-9C1C-F7517701B6E8}.Release|x86.ActiveCfg = Release|Any CPU
		{0A412984-EE56-44F3-9C1C-F7517701B6E8}.Release|x86.Build.0 = Release|Any CPU
		{C3A368C1-B819-483B-8270-CF8C228DFDEB}.Debug|Any CPU.ActiveCfg = Debug|Any CPU
		{C3A368C1-B819-483B-8270-CF8C228DFDEB}.Debug|Any CPU.Build.0 = Debug|Any CPU
		{C3A368C1-B819-483B-8270-CF8C228DFDEB}.Debug|x64.ActiveCfg = Debug|Any CPU
		{C3A368C1-B819-483B-8270-CF8C228DFDEB}.Debug|x64.Build.0 = Debug|Any CPU
		{C3A368C1-B819-483B-8270-CF8C228DFDEB}.Debug|x86.ActiveCfg = Debug|Any CPU
		{C3A368C1-B819-483B-8270-CF8C228DFDEB}.Debug|x86.Build.0 = Debug|Any CPU
		{C3A368C1-B819-483B-8270-CF8C228DFDEB}.Release|Any CPU.ActiveCfg = Release|Any CPU
		{C3A368C1-B819-483B-8270-CF8C228DFDEB}.Release|Any CPU.Build.0 = Release|Any CPU
		{C3A368C1-B819-483B-8270-CF8C228DFDEB}.Release|x64.ActiveCfg = Release|Any CPU
		{C3A368C1-B819-483B-8270-CF8C228DFDEB}.Release|x64.Build.0 = Release|Any CPU
		{C3A368C1-B819-483B-8270-CF8C228DFDEB}.Release|x86.ActiveCfg = Release|Any CPU
		{C3A368C1-B819-483B-8270-CF8C228DFDEB}.Release|x86.Build.0 = Release|Any CPU
		{C06A395E-DB6F-4E25-8E56-AC599ED791F1}.Debug|Any CPU.ActiveCfg = Debug|Any CPU
		{C06A395E-DB6F-4E25-8E56-AC599ED791F1}.Debug|Any CPU.Build.0 = Debug|Any CPU
		{C06A395E-DB6F-4E25-8E56-AC599ED791F1}.Debug|x64.ActiveCfg = Debug|Any CPU
		{C06A395E-DB6F-4E25-8E56-AC599ED791F1}.Debug|x64.Build.0 = Debug|Any CPU
		{C06A395E-DB6F-4E25-8E56-AC599ED791F1}.Debug|x86.ActiveCfg = Debug|Any CPU
		{C06A395E-DB6F-4E25-8E56-AC599ED791F1}.Debug|x86.Build.0 = Debug|Any CPU
		{C06A395E-DB6F-4E25-8E56-AC599ED791F1}.Release|Any CPU.ActiveCfg = Release|Any CPU
		{C06A395E-DB6F-4E25-8E56-AC599ED791F1}.Release|Any CPU.Build.0 = Release|Any CPU
		{C06A395E-DB6F-4E25-8E56-AC599ED791F1}.Release|x64.ActiveCfg = Release|Any CPU
		{C06A395E-DB6F-4E25-8E56-AC599ED791F1}.Release|x64.Build.0 = Release|Any CPU
		{C06A395E-DB6F-4E25-8E56-AC599ED791F1}.Release|x86.ActiveCfg = Release|Any CPU
		{C06A395E-DB6F-4E25-8E56-AC599ED791F1}.Release|x86.Build.0 = Release|Any CPU
		{F875123B-8876-4333-AB6A-A6D2081732CD}.Debug|Any CPU.ActiveCfg = Debug|Any CPU
		{F875123B-8876-4333-AB6A-A6D2081732CD}.Debug|Any CPU.Build.0 = Debug|Any CPU
		{F875123B-8876-4333-AB6A-A6D2081732CD}.Debug|x64.ActiveCfg = Debug|Any CPU
		{F875123B-8876-4333-AB6A-A6D2081732CD}.Debug|x64.Build.0 = Debug|Any CPU
		{F875123B-8876-4333-AB6A-A6D2081732CD}.Debug|x86.ActiveCfg = Debug|Any CPU
		{F875123B-8876-4333-AB6A-A6D2081732CD}.Debug|x86.Build.0 = Debug|Any CPU
		{F875123B-8876-4333-AB6A-A6D2081732CD}.Release|Any CPU.ActiveCfg = Release|Any CPU
		{F875123B-8876-4333-AB6A-A6D2081732CD}.Release|Any CPU.Build.0 = Release|Any CPU
		{F875123B-8876-4333-AB6A-A6D2081732CD}.Release|x64.ActiveCfg = Release|Any CPU
		{F875123B-8876-4333-AB6A-A6D2081732CD}.Release|x64.Build.0 = Release|Any CPU
		{F875123B-8876-4333-AB6A-A6D2081732CD}.Release|x86.ActiveCfg = Release|Any CPU
		{F875123B-8876-4333-AB6A-A6D2081732CD}.Release|x86.Build.0 = Release|Any CPU
		{5E8B477D-6D91-480B-A7F2-5B0A1AE29C20}.Debug|Any CPU.ActiveCfg = Debug|Any CPU
		{5E8B477D-6D91-480B-A7F2-5B0A1AE29C20}.Debug|Any CPU.Build.0 = Debug|Any CPU
		{5E8B477D-6D91-480B-A7F2-5B0A1AE29C20}.Debug|x64.ActiveCfg = Debug|Any CPU
		{5E8B477D-6D91-480B-A7F2-5B0A1AE29C20}.Debug|x64.Build.0 = Debug|Any CPU
		{5E8B477D-6D91-480B-A7F2-5B0A1AE29C20}.Debug|x86.ActiveCfg = Debug|Any CPU
		{5E8B477D-6D91-480B-A7F2-5B0A1AE29C20}.Debug|x86.Build.0 = Debug|Any CPU
		{5E8B477D-6D91-480B-A7F2-5B0A1AE29C20}.Release|Any CPU.ActiveCfg = Release|Any CPU
		{5E8B477D-6D91-480B-A7F2-5B0A1AE29C20}.Release|Any CPU.Build.0 = Release|Any CPU
		{5E8B477D-6D91-480B-A7F2-5B0A1AE29C20}.Release|x64.ActiveCfg = Release|Any CPU
		{5E8B477D-6D91-480B-A7F2-5B0A1AE29C20}.Release|x64.Build.0 = Release|Any CPU
		{5E8B477D-6D91-480B-A7F2-5B0A1AE29C20}.Release|x86.ActiveCfg = Release|Any CPU
		{5E8B477D-6D91-480B-A7F2-5B0A1AE29C20}.Release|x86.Build.0 = Release|Any CPU
		{F4F8ACC1-E807-4DF6-A64B-34683C020DF7}.Debug|Any CPU.ActiveCfg = Debug|Any CPU
		{F4F8ACC1-E807-4DF6-A64B-34683C020DF7}.Debug|Any CPU.Build.0 = Debug|Any CPU
		{F4F8ACC1-E807-4DF6-A64B-34683C020DF7}.Debug|x64.ActiveCfg = Debug|Any CPU
		{F4F8ACC1-E807-4DF6-A64B-34683C020DF7}.Debug|x64.Build.0 = Debug|Any CPU
		{F4F8ACC1-E807-4DF6-A64B-34683C020DF7}.Debug|x86.ActiveCfg = Debug|Any CPU
		{F4F8ACC1-E807-4DF6-A64B-34683C020DF7}.Debug|x86.Build.0 = Debug|Any CPU
		{F4F8ACC1-E807-4DF6-A64B-34683C020DF7}.Release|Any CPU.ActiveCfg = Release|Any CPU
		{F4F8ACC1-E807-4DF6-A64B-34683C020DF7}.Release|Any CPU.Build.0 = Release|Any CPU
		{F4F8ACC1-E807-4DF6-A64B-34683C020DF7}.Release|x64.ActiveCfg = Release|Any CPU
		{F4F8ACC1-E807-4DF6-A64B-34683C020DF7}.Release|x64.Build.0 = Release|Any CPU
		{F4F8ACC1-E807-4DF6-A64B-34683C020DF7}.Release|x86.ActiveCfg = Release|Any CPU
		{F4F8ACC1-E807-4DF6-A64B-34683C020DF7}.Release|x86.Build.0 = Release|Any CPU
		{57D7FB3C-8A1B-4594-983D-9A269605DE98}.Debug|Any CPU.ActiveCfg = Debug|Any CPU
		{57D7FB3C-8A1B-4594-983D-9A269605DE98}.Debug|Any CPU.Build.0 = Debug|Any CPU
		{57D7FB3C-8A1B-4594-983D-9A269605DE98}.Debug|x64.ActiveCfg = Debug|Any CPU
		{57D7FB3C-8A1B-4594-983D-9A269605DE98}.Debug|x64.Build.0 = Debug|Any CPU
		{57D7FB3C-8A1B-4594-983D-9A269605DE98}.Debug|x86.ActiveCfg = Debug|Any CPU
		{57D7FB3C-8A1B-4594-983D-9A269605DE98}.Debug|x86.Build.0 = Debug|Any CPU
		{57D7FB3C-8A1B-4594-983D-9A269605DE98}.Release|Any CPU.ActiveCfg = Release|Any CPU
		{57D7FB3C-8A1B-4594-983D-9A269605DE98}.Release|Any CPU.Build.0 = Release|Any CPU
		{57D7FB3C-8A1B-4594-983D-9A269605DE98}.Release|x64.ActiveCfg = Release|Any CPU
		{57D7FB3C-8A1B-4594-983D-9A269605DE98}.Release|x64.Build.0 = Release|Any CPU
		{57D7FB3C-8A1B-4594-983D-9A269605DE98}.Release|x86.ActiveCfg = Release|Any CPU
		{57D7FB3C-8A1B-4594-983D-9A269605DE98}.Release|x86.Build.0 = Release|Any CPU
		{1BD74825-FA84-464F-8C92-D1CE84BBE255}.Debug|Any CPU.ActiveCfg = Debug|Any CPU
		{1BD74825-FA84-464F-8C92-D1CE84BBE255}.Debug|Any CPU.Build.0 = Debug|Any CPU
		{1BD74825-FA84-464F-8C92-D1CE84BBE255}.Debug|x64.ActiveCfg = Debug|Any CPU
		{1BD74825-FA84-464F-8C92-D1CE84BBE255}.Debug|x64.Build.0 = Debug|Any CPU
		{1BD74825-FA84-464F-8C92-D1CE84BBE255}.Debug|x86.ActiveCfg = Debug|Any CPU
		{1BD74825-FA84-464F-8C92-D1CE84BBE255}.Debug|x86.Build.0 = Debug|Any CPU
		{1BD74825-FA84-464F-8C92-D1CE84BBE255}.Release|Any CPU.ActiveCfg = Release|Any CPU
		{1BD74825-FA84-464F-8C92-D1CE84BBE255}.Release|Any CPU.Build.0 = Release|Any CPU
		{1BD74825-FA84-464F-8C92-D1CE84BBE255}.Release|x64.ActiveCfg = Release|Any CPU
		{1BD74825-FA84-464F-8C92-D1CE84BBE255}.Release|x64.Build.0 = Release|Any CPU
		{1BD74825-FA84-464F-8C92-D1CE84BBE255}.Release|x86.ActiveCfg = Release|Any CPU
		{1BD74825-FA84-464F-8C92-D1CE84BBE255}.Release|x86.Build.0 = Release|Any CPU
		{F4097ABE-57A3-4337-88D8-BED83D93722A}.Debug|Any CPU.ActiveCfg = Debug|Any CPU
		{F4097ABE-57A3-4337-88D8-BED83D93722A}.Debug|Any CPU.Build.0 = Debug|Any CPU
		{F4097ABE-57A3-4337-88D8-BED83D93722A}.Debug|x64.ActiveCfg = Debug|Any CPU
		{F4097ABE-57A3-4337-88D8-BED83D93722A}.Debug|x64.Build.0 = Debug|Any CPU
		{F4097ABE-57A3-4337-88D8-BED83D93722A}.Debug|x86.ActiveCfg = Debug|Any CPU
		{F4097ABE-57A3-4337-88D8-BED83D93722A}.Debug|x86.Build.0 = Debug|Any CPU
		{F4097ABE-57A3-4337-88D8-BED83D93722A}.Release|Any CPU.ActiveCfg = Release|Any CPU
		{F4097ABE-57A3-4337-88D8-BED83D93722A}.Release|Any CPU.Build.0 = Release|Any CPU
		{F4097ABE-57A3-4337-88D8-BED83D93722A}.Release|x64.ActiveCfg = Release|Any CPU
		{F4097ABE-57A3-4337-88D8-BED83D93722A}.Release|x64.Build.0 = Release|Any CPU
		{F4097ABE-57A3-4337-88D8-BED83D93722A}.Release|x86.ActiveCfg = Release|Any CPU
		{F4097ABE-57A3-4337-88D8-BED83D93722A}.Release|x86.Build.0 = Release|Any CPU
		{88AD7511-9397-4196-B5F1-C0402F9A5CE5}.Debug|Any CPU.ActiveCfg = Debug|Any CPU
		{88AD7511-9397-4196-B5F1-C0402F9A5CE5}.Debug|Any CPU.Build.0 = Debug|Any CPU
		{88AD7511-9397-4196-B5F1-C0402F9A5CE5}.Debug|x64.ActiveCfg = Debug|Any CPU
		{88AD7511-9397-4196-B5F1-C0402F9A5CE5}.Debug|x64.Build.0 = Debug|Any CPU
		{88AD7511-9397-4196-B5F1-C0402F9A5CE5}.Debug|x86.ActiveCfg = Debug|Any CPU
		{88AD7511-9397-4196-B5F1-C0402F9A5CE5}.Debug|x86.Build.0 = Debug|Any CPU
		{88AD7511-9397-4196-B5F1-C0402F9A5CE5}.Release|Any CPU.ActiveCfg = Release|Any CPU
		{88AD7511-9397-4196-B5F1-C0402F9A5CE5}.Release|Any CPU.Build.0 = Release|Any CPU
		{88AD7511-9397-4196-B5F1-C0402F9A5CE5}.Release|x64.ActiveCfg = Release|Any CPU
		{88AD7511-9397-4196-B5F1-C0402F9A5CE5}.Release|x64.Build.0 = Release|Any CPU
		{88AD7511-9397-4196-B5F1-C0402F9A5CE5}.Release|x86.ActiveCfg = Release|Any CPU
		{88AD7511-9397-4196-B5F1-C0402F9A5CE5}.Release|x86.Build.0 = Release|Any CPU
		{ADF8D7C6-56A7-4EEF-B3CF-6D4A9212E428}.Debug|Any CPU.ActiveCfg = Debug|Any CPU
		{ADF8D7C6-56A7-4EEF-B3CF-6D4A9212E428}.Debug|Any CPU.Build.0 = Debug|Any CPU
		{ADF8D7C6-56A7-4EEF-B3CF-6D4A9212E428}.Debug|x64.ActiveCfg = Debug|Any CPU
		{ADF8D7C6-56A7-4EEF-B3CF-6D4A9212E428}.Debug|x64.Build.0 = Debug|Any CPU
		{ADF8D7C6-56A7-4EEF-B3CF-6D4A9212E428}.Debug|x86.ActiveCfg = Debug|Any CPU
		{ADF8D7C6-56A7-4EEF-B3CF-6D4A9212E428}.Debug|x86.Build.0 = Debug|Any CPU
		{ADF8D7C6-56A7-4EEF-B3CF-6D4A9212E428}.Release|Any CPU.ActiveCfg = Release|Any CPU
		{ADF8D7C6-56A7-4EEF-B3CF-6D4A9212E428}.Release|Any CPU.Build.0 = Release|Any CPU
		{ADF8D7C6-56A7-4EEF-B3CF-6D4A9212E428}.Release|x64.ActiveCfg = Release|Any CPU
		{ADF8D7C6-56A7-4EEF-B3CF-6D4A9212E428}.Release|x64.Build.0 = Release|Any CPU
		{ADF8D7C6-56A7-4EEF-B3CF-6D4A9212E428}.Release|x86.ActiveCfg = Release|Any CPU
		{ADF8D7C6-56A7-4EEF-B3CF-6D4A9212E428}.Release|x86.Build.0 = Release|Any CPU
		{5A5C2354-2C94-4875-9327-B1AF678A17D3}.Debug|Any CPU.ActiveCfg = Debug|Any CPU
		{5A5C2354-2C94-4875-9327-B1AF678A17D3}.Debug|Any CPU.Build.0 = Debug|Any CPU
		{5A5C2354-2C94-4875-9327-B1AF678A17D3}.Debug|x64.ActiveCfg = Debug|Any CPU
		{5A5C2354-2C94-4875-9327-B1AF678A17D3}.Debug|x64.Build.0 = Debug|Any CPU
		{5A5C2354-2C94-4875-9327-B1AF678A17D3}.Debug|x86.ActiveCfg = Debug|Any CPU
		{5A5C2354-2C94-4875-9327-B1AF678A17D3}.Debug|x86.Build.0 = Debug|Any CPU
		{5A5C2354-2C94-4875-9327-B1AF678A17D3}.Release|Any CPU.ActiveCfg = Release|Any CPU
		{5A5C2354-2C94-4875-9327-B1AF678A17D3}.Release|Any CPU.Build.0 = Release|Any CPU
		{5A5C2354-2C94-4875-9327-B1AF678A17D3}.Release|x64.ActiveCfg = Release|Any CPU
		{5A5C2354-2C94-4875-9327-B1AF678A17D3}.Release|x64.Build.0 = Release|Any CPU
		{5A5C2354-2C94-4875-9327-B1AF678A17D3}.Release|x86.ActiveCfg = Release|Any CPU
		{5A5C2354-2C94-4875-9327-B1AF678A17D3}.Release|x86.Build.0 = Release|Any CPU
	EndGlobalSection
	GlobalSection(SolutionProperties) = preSolution
		HideSolutionNode = FALSE
	EndGlobalSection
	GlobalSection(NestedProjects) = preSolution
		{E62A71EB-0956-4F2C-80A4-011707DE0B9A} = {ACA0BC0A-4FD8-4C51-B3A4-0726985A713B}
		{23BB17FF-08FF-4DFF-8477-E9559A993D26} = {E62A71EB-0956-4F2C-80A4-011707DE0B9A}
		{9BC8BC56-3E53-43EE-8A09-2BB848A04E19} = {23BB17FF-08FF-4DFF-8477-E9559A993D26}
		{64A9BF5B-74D7-4D51-B3BC-176F2905BAF9} = {E62A71EB-0956-4F2C-80A4-011707DE0B9A}
		{0A412984-EE56-44F3-9C1C-F7517701B6E8} = {64A9BF5B-74D7-4D51-B3BC-176F2905BAF9}
		{C3A368C1-B819-483B-8270-CF8C228DFDEB} = {ACA0BC0A-4FD8-4C51-B3A4-0726985A713B}
		{C06A395E-DB6F-4E25-8E56-AC599ED791F1} = {ACA0BC0A-4FD8-4C51-B3A4-0726985A713B}
		{5AB34C40-C8E8-43ED-9D5C-EF0DC72005A5} = {C5C5C7D6-FAC3-4C64-BEA0-718D60FE8A73}
		{96AB1D06-D7CF-492D-9B24-921DE8F05DF2} = {5AB34C40-C8E8-43ED-9D5C-EF0DC72005A5}
		{F875123B-8876-4333-AB6A-A6D2081732CD} = {96AB1D06-D7CF-492D-9B24-921DE8F05DF2}
		{9AA8317D-E6CD-4357-BBC2-2199A853F59F} = {5AB34C40-C8E8-43ED-9D5C-EF0DC72005A5}
		{5E8B477D-6D91-480B-A7F2-5B0A1AE29C20} = {9AA8317D-E6CD-4357-BBC2-2199A853F59F}
		{F4F8ACC1-E807-4DF6-A64B-34683C020DF7} = {9AA8317D-E6CD-4357-BBC2-2199A853F59F}
		{57D7FB3C-8A1B-4594-983D-9A269605DE98} = {C5C5C7D6-FAC3-4C64-BEA0-718D60FE8A73}
		{1BD74825-FA84-464F-8C92-D1CE84BBE255} = {C5C5C7D6-FAC3-4C64-BEA0-718D60FE8A73}
		{F4097ABE-57A3-4337-88D8-BED83D93722A} = {02EA681E-C7D8-13C7-8484-4AC65E1B71E8}
		{88AD7511-9397-4196-B5F1-C0402F9A5CE5} = {02EA681E-C7D8-13C7-8484-4AC65E1B71E8}
		{ADF8D7C6-56A7-4EEF-B3CF-6D4A9212E428} = {02EA681E-C7D8-13C7-8484-4AC65E1B71E8}
		{5A5C2354-2C94-4875-9327-B1AF678A17D3} = {02EA681E-C7D8-13C7-8484-4AC65E1B71E8}
	EndGlobalSection
	GlobalSection(ExtensibilityGlobals) = postSolution
		SolutionGuid = {56046CB0-5E6F-400C-A158-9BEF9B0C11F5}
	EndGlobalSection
EndGlobal
